github.com/cvilsmeier/sqinn-go/v2 v2.1.2 h1:UBjEGwBaqR9XCCJhpRVTdUPoopupA8mBO3JmtNbNctY=
github.com/cvilsmeier/sqinn-go/v2 v2.1.2/go.mod h1:Rk7mPvBs9CamMk/JXbnyFGIckBuIKNm3KnGx0MkbvlQ=
github.com/go-telegram/bot v1.18.0 h1:yQzv437DY42SYTPBY48RinAvwbmf1ox5QICskIYWCD8=
github.com/go-telegram/bot v1.18.0/go.mod h1:i2TRs7fXWIeaceF3z7KzsMt/he0TwkVC680mvdTFYeM=
github.com/imbue11235/humanize v1.0.2 h1:x18nj3gusx1QPiFDXNevalrWOhYseWw0N+sosiPpsdg=
github.com/imbue11235/humanize v1.0.2/go.mod h1:yXNG3ku/gmssTW9O1HB4Ic9a+g359Nba+tnTusuS7/M=
github.com/imbue11235/words v1.0.1/go.mod h1:aaauYJ652uLlOVQypH0z4nls8zLaMhgRTyesdIFxQP8=
github.com/imbue11235/words v1.0.3 h1:/6ma8vU/ZbmuFIi+pCfG9KruoIL3RK36d4LI/bCf138=
github.com/imbue11235/words v1.0.3/go.mod h1:JQg2K5J5FbpSuqDrwSIdLA2TsXYilkQJqKCxjIT82No=
github.com/reugn/go-quartz v0.15.2 h1:IQUnwTtNURVtdcwH4CJhFH3dXAUwP2fXZaNjPp+sJAY=
github.com/reugn/go-quartz v0.15.2/go.mod h1:00DVnBKq2Fxag/HlR9mGXjmHNlMFQ1n/LNM+Fn0jUaE=
golang.org/x/exp v0.0.0-20251023183803-a4bb9ffd2546 h1:mgKeJMpvi0yx/sU5GsxQ7p6s2wtOnGAHZWCHUM4KGzY=
golang.org/x/exp v0.0.0-20251023183803-a4bb9ffd2546/go.mod h1:j/pmGrbnkbPtQfxEe5D0VQhZC6qKbfKifgD0oM7sR70=
golang.org/x/net v0.51.0 h1:94R/GTO7mt3/4wIKpcR5gkGmRLOuE/2hNGeWq/GBIFo=
golang.org/x/net v0.51.0/go.mod h1:aamm+2QF5ogm02fjy5Bb7CQ0WMt1/WVM7FtyaTLlA9Y=
