github.com/dustin/go-humanize v1.0.1 h1:GzkhY7T5VNhEkwH0PVJgjz+fX1rhBrR7pRT3mDkpeCY=
github.com/dustin/go-humanize v1.0.1/go.mod h1:Mu1zIs6XwVuF/gI1OepvI0qD18qycQx+mFykh5fBlto=
github.com/go-telegram/bot v1.5.0 h1:q31yJ8iajFG54b17TgSs/Brl2YkWziRjf4Au5pe3xV0=
github.com/go-telegram/bot v1.5.0/go.mod h1:i2TRs7fXWIeaceF3z7KzsMt/he0TwkVC680mvdTFYeM=
github.com/reugn/go-quartz v0.12.0 h1:RsrklW++R5Swc7mCPYseXM06PTWN4N7/f1rsYkhHiww=
github.com/reugn/go-quartz v0.12.0/go.mod h1:no4ktgYbAAuY0E1SchR8cTx1LF4jYIzdgaQhzRPSkpk=
golang.org/x/net v0.27.0 h1:5K3Njcw06/l2y9vpGCSdcxWOYHOUk3dVNGDXN+FvAys=
golang.org/x/net v0.27.0/go.mod h1:dDi0PyhWNoiUOrAS8uXv/vnScO4wnHQO4mj9fn/RytE=
